// !$*UTF8*$!
{
	archiveVersion = 1;
	classes = {
	};
	objectVersion = 51;
	objects = {

/* Begin PBXBuildFile section */
		330AA3FC23AC4E9B001A1F5A /* PointsViewController.swift in Sources */ = {isa = PBXBuildFile; fileRef = 330AA3FA23AC4098001A1F5A /* PointsViewController.swift */; };
		6453B13223A6D86100D4AA28 /* Login.swift in Sources */ = {isa = PBXBuildFile; fileRef = 6453B13123A6D86100D4AA28 /* Login.swift */; };
		6460E3D723A6ED6100F75CB0 /* postnobillscolombo-light.ttf in Resources */ = {isa = PBXBuildFile; fileRef = 6460E3D623A6ED6100F75CB0 /* postnobillscolombo-light.ttf */; };
		649F310F23AD7F8A009087AD /* quiz.swift in Sources */ = {isa = PBXBuildFile; fileRef = 649F310E23AD7F8A009087AD /* quiz.swift */; };
		649F311123AD9392009087AD /* Question.swift in Sources */ = {isa = PBXBuildFile; fileRef = 649F311023AD9392009087AD /* Question.swift */; };
		649F311323AD9543009087AD /* QuestionBank.swift in Sources */ = {isa = PBXBuildFile; fileRef = 649F311223AD9543009087AD /* QuestionBank.swift */; };
		64A1791C23AD4FD500DDFE40 /* OpenSans-Regular.ttf in Resources */ = {isa = PBXBuildFile; fileRef = 64A1791B23AD4FD400DDFE40 /* OpenSans-Regular.ttf */; };
		64E1467423A71B1F00F3B2C7 /* signup.swift in Sources */ = {isa = PBXBuildFile; fileRef = 64E1467323A71B1F00F3B2C7 /* signup.swift */; };
		64E1467623A8107100F3B2C7 /* page_location.swift in Sources */ = {isa = PBXBuildFile; fileRef = 64E1467523A8107100F3B2C7 /* page_location.swift */; };
		AA00DFF823AA2FAC00B87B64 /* EventDetailViewController.swift in Sources */ = {isa = PBXBuildFile; fileRef = AA00DFF723AA2FAC00B87B64 /* EventDetailViewController.swift */; };
		AA0C8E4823A77CB100DF6F3A /* Utilities.swift in Sources */ = {isa = PBXBuildFile; fileRef = AA0C8E4723A77CB100DF6F3A /* Utilities.swift */; };
		AA22232223AC4E8100D130C7 /* VanFunStopProgram.swift in Sources */ = {isa = PBXBuildFile; fileRef = AA22232123AC4E8100D130C7 /* VanFunStopProgram.swift */; };
		AA3DA4CA23B096E8006C8170 /* EventTableViewController2.swift in Sources */ = {isa = PBXBuildFile; fileRef = AA3DA4C923B096E8006C8170 /* EventTableViewController2.swift */; };
		AA43FAF323B15C1100BD1D54 /* EventTableViewController1.swift in Sources */ = {isa = PBXBuildFile; fileRef = AA43FAF223B15C1100BD1D54 /* EventTableViewController1.swift */; };
		AA43FAF523B1630F00BD1D54 /* EventTableViewController3.swift in Sources */ = {isa = PBXBuildFile; fileRef = AA43FAF423B1630F00BD1D54 /* EventTableViewController3.swift */; };
		AA43FAF723B1632B00BD1D54 /* EventTableViewController4.swift in Sources */ = {isa = PBXBuildFile; fileRef = AA43FAF623B1632B00BD1D54 /* EventTableViewController4.swift */; };
		AA43FAF923B1633800BD1D54 /* EventTableViewController5.swift in Sources */ = {isa = PBXBuildFile; fileRef = AA43FAF823B1633800BD1D54 /* EventTableViewController5.swift */; };
		AA51441923A6B76A00C37465 /* AppDelegate.swift in Sources */ = {isa = PBXBuildFile; fileRef = AA51441823A6B76A00C37465 /* AppDelegate.swift */; };
		AA51441B23A6B76A00C37465 /* SceneDelegate.swift in Sources */ = {isa = PBXBuildFile; fileRef = AA51441A23A6B76A00C37465 /* SceneDelegate.swift */; };
		AA51442023A6B76A00C37465 /* Main.storyboard in Resources */ = {isa = PBXBuildFile; fileRef = AA51441E23A6B76A00C37465 /* Main.storyboard */; };
		AA51442223A6B76D00C37465 /* Assets.xcassets in Resources */ = {isa = PBXBuildFile; fileRef = AA51442123A6B76D00C37465 /* Assets.xcassets */; };
		AA51442523A6B76D00C37465 /* LaunchScreen.storyboard in Resources */ = {isa = PBXBuildFile; fileRef = AA51442323A6B76D00C37465 /* LaunchScreen.storyboard */; };
		AA667FDE23ABFA5800AB2014 /* FunStopViewController.swift in Sources */ = {isa = PBXBuildFile; fileRef = AA667FDD23ABFA5800AB2014 /* FunStopViewController.swift */; };
		AA667FE023AC420B00AB2014 /* FunStopInfoViewController.swift in Sources */ = {isa = PBXBuildFile; fileRef = AA667FDF23AC420B00AB2014 /* FunStopInfoViewController.swift */; };
		AA667FE223AC47F100AB2014 /* VanQRCodeScanner.swift in Sources */ = {isa = PBXBuildFile; fileRef = AA667FE123AC47F100AB2014 /* VanQRCodeScanner.swift */; };
		AAF58B4623A6C0990098E626 /* GoogleService-Info.plist in Resources */ = {isa = PBXBuildFile; fileRef = AAF58B4523A6C0990098E626 /* GoogleService-Info.plist */; };
		DF62017FE50BB5E9428FB764 /* Pods_app.framework in Frameworks */ = {isa = PBXBuildFile; fileRef = 7854034B4AD6E2B5F428C313 /* Pods_app.framework */; };
/* End PBXBuildFile section */

/* Begin PBXFileReference section */
		19702F113D04929F56CFF686 /* Pods-app.debug.xcconfig */ = {isa = PBXFileReference; includeInIndex = 1; lastKnownFileType = text.xcconfig; name = "Pods-app.debug.xcconfig"; path = "Target Support Files/Pods-app/Pods-app.debug.xcconfig"; sourceTree = "<group>"; };
		330AA3FA23AC4098001A1F5A /* PointsViewController.swift */ = {isa = PBXFileReference; lastKnownFileType = sourcecode.swift; path = PointsViewController.swift; sourceTree = "<group>"; };
		6453B13123A6D86100D4AA28 /* Login.swift */ = {isa = PBXFileReference; lastKnownFileType = sourcecode.swift; path = Login.swift; sourceTree = "<group>"; };
		6460E3D623A6ED6100F75CB0 /* postnobillscolombo-light.ttf */ = {isa = PBXFileReference; lastKnownFileType = file; path = "postnobillscolombo-light.ttf"; sourceTree = "<group>"; };
		649F310E23AD7F8A009087AD /* quiz.swift */ = {isa = PBXFileReference; lastKnownFileType = sourcecode.swift; path = quiz.swift; sourceTree = "<group>"; };
		649F311023AD9392009087AD /* Question.swift */ = {isa = PBXFileReference; lastKnownFileType = sourcecode.swift; path = Question.swift; sourceTree = "<group>"; };
		649F311223AD9543009087AD /* QuestionBank.swift */ = {isa = PBXFileReference; lastKnownFileType = sourcecode.swift; path = QuestionBank.swift; sourceTree = "<group>"; };
		64A1791B23AD4FD400DDFE40 /* OpenSans-Regular.ttf */ = {isa = PBXFileReference; lastKnownFileType = file; path = "OpenSans-Regular.ttf"; sourceTree = "<group>"; };
		64E1467223A6F5B100F3B2C7 /* en */ = {isa = PBXFileReference; lastKnownFileType = text.plist.strings; name = en; path = en.lproj/Main.strings; sourceTree = "<group>"; };
		64E1467323A71B1F00F3B2C7 /* signup.swift */ = {isa = PBXFileReference; lastKnownFileType = sourcecode.swift; path = signup.swift; sourceTree = "<group>"; };
		64E1467523A8107100F3B2C7 /* page_location.swift */ = {isa = PBXFileReference; lastKnownFileType = sourcecode.swift; path = page_location.swift; sourceTree = "<group>"; };
		7854034B4AD6E2B5F428C313 /* Pods_app.framework */ = {isa = PBXFileReference; explicitFileType = wrapper.framework; includeInIndex = 0; path = Pods_app.framework; sourceTree = BUILT_PRODUCTS_DIR; };
		845A0CA8F628964B784DC35C /* Pods-app.release.xcconfig */ = {isa = PBXFileReference; includeInIndex = 1; lastKnownFileType = text.xcconfig; name = "Pods-app.release.xcconfig"; path = "Target Support Files/Pods-app/Pods-app.release.xcconfig"; sourceTree = "<group>"; };
		AA00DFF723AA2FAC00B87B64 /* EventDetailViewController.swift */ = {isa = PBXFileReference; lastKnownFileType = sourcecode.swift; path = EventDetailViewController.swift; sourceTree = "<group>"; };
		AA0C8E4723A77CB100DF6F3A /* Utilities.swift */ = {isa = PBXFileReference; lastKnownFileType = sourcecode.swift; path = Utilities.swift; sourceTree = "<group>"; };
		AA22232123AC4E8100D130C7 /* VanFunStopProgram.swift */ = {isa = PBXFileReference; lastKnownFileType = sourcecode.swift; path = VanFunStopProgram.swift; sourceTree = "<group>"; };
		AA3DA4C923B096E8006C8170 /* EventTableViewController2.swift */ = {isa = PBXFileReference; lastKnownFileType = sourcecode.swift; path = EventTableViewController2.swift; sourceTree = "<group>"; };
		AA43FAF223B15C1100BD1D54 /* EventTableViewController1.swift */ = {isa = PBXFileReference; lastKnownFileType = sourcecode.swift; path = EventTableViewController1.swift; sourceTree = "<group>"; };
		AA43FAF423B1630F00BD1D54 /* EventTableViewController3.swift */ = {isa = PBXFileReference; lastKnownFileType = sourcecode.swift; path = EventTableViewController3.swift; sourceTree = "<group>"; };
		AA43FAF623B1632B00BD1D54 /* EventTableViewController4.swift */ = {isa = PBXFileReference; lastKnownFileType = sourcecode.swift; path = EventTableViewController4.swift; sourceTree = "<group>"; };
		AA43FAF823B1633800BD1D54 /* EventTableViewController5.swift */ = {isa = PBXFileReference; lastKnownFileType = sourcecode.swift; path = EventTableViewController5.swift; sourceTree = "<group>"; };
		AA51441523A6B76A00C37465 /* app.app */ = {isa = PBXFileReference; explicitFileType = wrapper.application; includeInIndex = 0; path = app.app; sourceTree = BUILT_PRODUCTS_DIR; };
		AA51441823A6B76A00C37465 /* AppDelegate.swift */ = {isa = PBXFileReference; lastKnownFileType = sourcecode.swift; path = AppDelegate.swift; sourceTree = "<group>"; };
		AA51441A23A6B76A00C37465 /* SceneDelegate.swift */ = {isa = PBXFileReference; lastKnownFileType = sourcecode.swift; path = SceneDelegate.swift; sourceTree = "<group>"; };
		AA51441F23A6B76A00C37465 /* Base */ = {isa = PBXFileReference; lastKnownFileType = file.storyboard; name = Base; path = Base.lproj/Main.storyboard; sourceTree = "<group>"; };
		AA51442123A6B76D00C37465 /* Assets.xcassets */ = {isa = PBXFileReference; lastKnownFileType = folder.assetcatalog; path = Assets.xcassets; sourceTree = "<group>"; };
		AA51442423A6B76D00C37465 /* Base */ = {isa = PBXFileReference; lastKnownFileType = file.storyboard; name = Base; path = Base.lproj/LaunchScreen.storyboard; sourceTree = "<group>"; };
		AA51442623A6B76D00C37465 /* Info.plist */ = {isa = PBXFileReference; lastKnownFileType = text.plist.xml; path = Info.plist; sourceTree = "<group>"; };
		AA667FDD23ABFA5800AB2014 /* FunStopViewController.swift */ = {isa = PBXFileReference; lastKnownFileType = sourcecode.swift; path = FunStopViewController.swift; sourceTree = "<group>"; };
		AA667FDF23AC420B00AB2014 /* FunStopInfoViewController.swift */ = {isa = PBXFileReference; lastKnownFileType = sourcecode.swift; path = FunStopInfoViewController.swift; sourceTree = "<group>"; };
		AA667FE123AC47F100AB2014 /* VanQRCodeScanner.swift */ = {isa = PBXFileReference; lastKnownFileType = sourcecode.swift; path = VanQRCodeScanner.swift; sourceTree = "<group>"; };
		AAF58B4523A6C0990098E626 /* GoogleService-Info.plist */ = {isa = PBXFileReference; lastKnownFileType = text.plist; path = "GoogleService-Info.plist"; sourceTree = SOURCE_ROOT; };
/* End PBXFileReference section */

/* Begin PBXFrameworksBuildPhase section */
		AA51441223A6B76A00C37465 /* Frameworks */ = {
			isa = PBXFrameworksBuildPhase;
			buildActionMask = 2147483647;
			files = (
				DF62017FE50BB5E9428FB764 /* Pods_app.framework in Frameworks */,
			);
			runOnlyForDeploymentPostprocessing = 0;
		};
/* End PBXFrameworksBuildPhase section */

/* Begin PBXGroup section */
		6460E3D523A6ED4B00F75CB0 /* fonts */ = {
			isa = PBXGroup;
			children = (
				64A1791B23AD4FD400DDFE40 /* OpenSans-Regular.ttf */,
				6460E3D623A6ED6100F75CB0 /* postnobillscolombo-light.ttf */,
			);
			path = fonts;
			sourceTree = "<group>";
		};
		9918273A59B198A96CD3C5D2 /* Frameworks */ = {
			isa = PBXGroup;
			children = (
				7854034B4AD6E2B5F428C313 /* Pods_app.framework */,
			);
			name = Frameworks;
			sourceTree = "<group>";
		};
		AA51440C23A6B76A00C37465 = {
			isa = PBXGroup;
			children = (
				AA51441723A6B76A00C37465 /* app */,
				B620E39F83C4AA77B9ACB25F /* Pods */,
				9918273A59B198A96CD3C5D2 /* Frameworks */,
			);
			sourceTree = "<group>";
		};
		AA51441623A6B76A00C37465 /* Products */ = {
			isa = PBXGroup;
			children = (
				AA51441523A6B76A00C37465 /* app.app */,
			);
			name = Products;
			path = ..;
			sourceTree = "<group>";
		};
		AA51441723A6B76A00C37465 /* app */ = {
			isa = PBXGroup;
			children = (
				6460E3D523A6ED4B00F75CB0 /* fonts */,
				AAF58B4523A6C0990098E626 /* GoogleService-Info.plist */,
				AA51441823A6B76A00C37465 /* AppDelegate.swift */,
				AA51441A23A6B76A00C37465 /* SceneDelegate.swift */,
				AA51441E23A6B76A00C37465 /* Main.storyboard */,
				649F311023AD9392009087AD /* Question.swift */,
				649F311223AD9543009087AD /* QuestionBank.swift */,
				649F310E23AD7F8A009087AD /* quiz.swift */,
				64E1467523A8107100F3B2C7 /* page_location.swift */,
				64E1467323A71B1F00F3B2C7 /* signup.swift */,
				6453B13123A6D86100D4AA28 /* Login.swift */,
				AA51442123A6B76D00C37465 /* Assets.xcassets */,
				AA51442323A6B76D00C37465 /* LaunchScreen.storyboard */,
				AA51442623A6B76D00C37465 /* Info.plist */,
				AA0C8E4723A77CB100DF6F3A /* Utilities.swift */,
				AA51441623A6B76A00C37465 /* Products */,
				AA00DFF723AA2FAC00B87B64 /* EventDetailViewController.swift */,
				AA3DA4C923B096E8006C8170 /* EventTableViewController2.swift */,
				AA43FAF223B15C1100BD1D54 /* EventTableViewController1.swift */,
				AA43FAF423B1630F00BD1D54 /* EventTableViewController3.swift */,
				AA43FAF623B1632B00BD1D54 /* EventTableViewController4.swift */,
				AA43FAF823B1633800BD1D54 /* EventTableViewController5.swift */,
				330AA3FA23AC4098001A1F5A /* PointsViewController.swift */,
				AA667FDD23ABFA5800AB2014 /* FunStopViewController.swift */,
				AA667FDF23AC420B00AB2014 /* FunStopInfoViewController.swift */,
				AA667FE123AC47F100AB2014 /* VanQRCodeScanner.swift */,
				AA22232123AC4E8100D130C7 /* VanFunStopProgram.swift */,
			);
			path = app;
			sourceTree = "<group>";
		};
		B620E39F83C4AA77B9ACB25F /* Pods */ = {
			isa = PBXGroup;
			children = (
				19702F113D04929F56CFF686 /* Pods-app.debug.xcconfig */,
				845A0CA8F628964B784DC35C /* Pods-app.release.xcconfig */,
			);
			path = Pods;
			sourceTree = "<group>";
		};
/* End PBXGroup section */

/* Begin PBXNativeTarget section */
		AA51441423A6B76A00C37465 /* app */ = {
			isa = PBXNativeTarget;
			buildConfigurationList = AA51442923A6B76D00C37465 /* Build configuration list for PBXNativeTarget "app" */;
			buildPhases = (
				22DAC050CCCCB750F8B86768 /* [CP] Check Pods Manifest.lock */,
				AA51441123A6B76A00C37465 /* Sources */,
				AA51441223A6B76A00C37465 /* Frameworks */,
				AA51441323A6B76A00C37465 /* Resources */,
				B4A6461B63F73998580822EC /* [CP] Copy Pods Resources */,
				E30110C0E0576DC279789216 /* [CP] Embed Pods Frameworks */,
			);
			buildRules = (
			);
			dependencies = (
			);
			name = app;
			productName = app;
			productReference = AA51441523A6B76A00C37465 /* app.app */;
			productType = "com.apple.product-type.application";
		};
/* End PBXNativeTarget section */

/* Begin PBXProject section */
		AA51440D23A6B76A00C37465 /* Project object */ = {
			isa = PBXProject;
			attributes = {
				LastSwiftUpdateCheck = 1120;
				LastUpgradeCheck = 1120;
				TargetAttributes = {
					AA51441423A6B76A00C37465 = {
						CreatedOnToolsVersion = 11.2;
					};
				};
			};
			buildConfigurationList = AA51441023A6B76A00C37465 /* Build configuration list for PBXProject "app" */;
			compatibilityVersion = "Xcode 9.3";
			developmentRegion = en;
			hasScannedForEncodings = 0;
			knownRegions = (
				en,
				Base,
			);
			mainGroup = AA51440C23A6B76A00C37465;
			productRefGroup = AA51441623A6B76A00C37465 /* Products */;
			projectDirPath = "";
			projectRoot = "";
			targets = (
				AA51441423A6B76A00C37465 /* app */,
			);
		};
/* End PBXProject section */

/* Begin PBXResourcesBuildPhase section */
		AA51441323A6B76A00C37465 /* Resources */ = {
			isa = PBXResourcesBuildPhase;
			buildActionMask = 2147483647;
			files = (
				AA51442523A6B76D00C37465 /* LaunchScreen.storyboard in Resources */,
				6460E3D723A6ED6100F75CB0 /* postnobillscolombo-light.ttf in Resources */,
				AAF58B4623A6C0990098E626 /* GoogleService-Info.plist in Resources */,
				AA51442223A6B76D00C37465 /* Assets.xcassets in Resources */,
				64A1791C23AD4FD500DDFE40 /* OpenSans-Regular.ttf in Resources */,
				AA51442023A6B76A00C37465 /* Main.storyboard in Resources */,
			);
			runOnlyForDeploymentPostprocessing = 0;
		};
/* End PBXResourcesBuildPhase section */

/* Begin PBXShellScriptBuildPhase section */
		22DAC050CCCCB750F8B86768 /* [CP] Check Pods Manifest.lock */ = {
			isa = PBXShellScriptBuildPhase;
			buildActionMask = 2147483647;
			files = (
			);
			inputFileListPaths = (
			);
			inputPaths = (
				"${PODS_PODFILE_DIR_PATH}/Podfile.lock",
				"${PODS_ROOT}/Manifest.lock",
			);
			name = "[CP] Check Pods Manifest.lock";
			outputFileListPaths = (
			);
			outputPaths = (
				"$(DERIVED_FILE_DIR)/Pods-app-checkManifestLockResult.txt",
			);
			runOnlyForDeploymentPostprocessing = 0;
			shellPath = /bin/sh;
			shellScript = "diff \"${PODS_PODFILE_DIR_PATH}/Podfile.lock\" \"${PODS_ROOT}/Manifest.lock\" > /dev/null\nif [ $? != 0 ] ; then\n    # print error to STDERR\n    echo \"error: The sandbox is not in sync with the Podfile.lock. Run 'pod install' or update your CocoaPods installation.\" >&2\n    exit 1\nfi\n# This output is used by Xcode 'outputs' to avoid re-running this script phase.\necho \"SUCCESS\" > \"${SCRIPT_OUTPUT_FILE_0}\"\n";
			showEnvVarsInLog = 0;
		};
		B4A6461B63F73998580822EC /* [CP] Copy Pods Resources */ = {
			isa = PBXShellScriptBuildPhase;
			buildActionMask = 2147483647;
			files = (
			);
			inputFileListPaths = (
				"${PODS_ROOT}/Target Support Files/Pods-app/Pods-app-resources-${CONFIGURATION}-input-files.xcfilelist",
			);
			name = "[CP] Copy Pods Resources";
			outputFileListPaths = (
				"${PODS_ROOT}/Target Support Files/Pods-app/Pods-app-resources-${CONFIGURATION}-output-files.xcfilelist",
			);
			runOnlyForDeploymentPostprocessing = 0;
			shellPath = /bin/sh;
			shellScript = "\"${PODS_ROOT}/Target Support Files/Pods-app/Pods-app-resources.sh\"\n";
			showEnvVarsInLog = 0;
		};
		E30110C0E0576DC279789216 /* [CP] Embed Pods Frameworks */ = {
			isa = PBXShellScriptBuildPhase;
			buildActionMask = 2147483647;
			files = (
			);
			inputFileListPaths = (
				"${PODS_ROOT}/Target Support Files/Pods-app/Pods-app-frameworks-${CONFIGURATION}-input-files.xcfilelist",
			);
			name = "[CP] Embed Pods Frameworks";
			outputFileListPaths = (
				"${PODS_ROOT}/Target Support Files/Pods-app/Pods-app-frameworks-${CONFIGURATION}-output-files.xcfilelist",
			);
			runOnlyForDeploymentPostprocessing = 0;
			shellPath = /bin/sh;
			shellScript = "\"${PODS_ROOT}/Target Support Files/Pods-app/Pods-app-frameworks.sh\"\n";
			showEnvVarsInLog = 0;
		};
/* End PBXShellScriptBuildPhase section */

/* Begin PBXSourcesBuildPhase section */
		AA51441123A6B76A00C37465 /* Sources */ = {
			isa = PBXSourcesBuildPhase;
			buildActionMask = 2147483647;
			files = (
				AA51441923A6B76A00C37465 /* AppDelegate.swift in Sources */,
				649F311123AD9392009087AD /* Question.swift in Sources */,
				330AA3FC23AC4E9B001A1F5A /* PointsViewController.swift in Sources */,
				64E1467423A71B1F00F3B2C7 /* signup.swift in Sources */,
				AA3DA4CA23B096E8006C8170 /* EventTableViewController2.swift in Sources */,
				649F311323AD9543009087AD /* QuestionBank.swift in Sources */,
				AA51441B23A6B76A00C37465 /* SceneDelegate.swift in Sources */,
				AA22232223AC4E8100D130C7 /* VanFunStopProgram.swift in Sources */,
				64E1467623A8107100F3B2C7 /* page_location.swift in Sources */,
				AA667FE223AC47F100AB2014 /* VanQRCodeScanner.swift in Sources */,
				AA667FDE23ABFA5800AB2014 /* FunStopViewController.swift in Sources */,
				AA43FAF923B1633800BD1D54 /* EventTableViewController5.swift in Sources */,
				AA0C8E4823A77CB100DF6F3A /* Utilities.swift in Sources */,
				AA667FE023AC420B00AB2014 /* FunStopInfoViewController.swift in Sources */,
				AA43FAF523B1630F00BD1D54 /* EventTableViewController3.swift in Sources */,
				AA00DFF823AA2FAC00B87B64 /* EventDetailViewController.swift in Sources */,
				649F310F23AD7F8A009087AD /* quiz.swift in Sources */,
				6453B13223A6D86100D4AA28 /* Login.swift in Sources */,
				AA43FAF723B1632B00BD1D54 /* EventTableViewController4.swift in Sources */,
				AA43FAF323B15C1100BD1D54 /* EventTableViewController1.swift in Sources */,
			);
			runOnlyForDeploymentPostprocessing = 0;
		};
/* End PBXSourcesBuildPhase section */

/* Begin PBXVariantGroup section */
		AA51441E23A6B76A00C37465 /* Main.storyboard */ = {
			isa = PBXVariantGroup;
			children = (
				AA51441F23A6B76A00C37465 /* Base */,
				64E1467223A6F5B100F3B2C7 /* en */,
			);
			name = Main.storyboard;
			sourceTree = "<group>";
		};
		AA51442323A6B76D00C37465 /* LaunchScreen.storyboard */ = {
			isa = PBXVariantGroup;
			children = (
				AA51442423A6B76D00C37465 /* Base */,
			);
			name = LaunchScreen.storyboard;
			sourceTree = "<group>";
		};
/* End PBXVariantGroup section */

/* Begin XCBuildConfiguration section */
		AA51442723A6B76D00C37465 /* Debug */ = {
			isa = XCBuildConfiguration;
			buildSettings = {
				ALWAYS_SEARCH_USER_PATHS = NO;
				CLANG_ANALYZER_NONNULL = YES;
				CLANG_ANALYZER_NUMBER_OBJECT_CONVERSION = YES_AGGRESSIVE;
				CLANG_CXX_LANGUAGE_STANDARD = "gnu++14";
				CLANG_CXX_LIBRARY = "libc++";
				CLANG_ENABLE_MODULES = YES;
				CLANG_ENABLE_OBJC_ARC = YES;
				CLANG_ENABLE_OBJC_WEAK = YES;
				CLANG_WARN_BLOCK_CAPTURE_AUTORELEASING = YES;
				CLANG_WARN_BOOL_CONVERSION = YES;
				CLANG_WARN_COMMA = YES;
				CLANG_WARN_CONSTANT_CONVERSION = YES;
				CLANG_WARN_DEPRECATED_OBJC_IMPLEMENTATIONS = YES;
				CLANG_WARN_DIRECT_OBJC_ISA_USAGE = YES_ERROR;
				CLANG_WARN_DOCUMENTATION_COMMENTS = YES;
				CLANG_WARN_EMPTY_BODY = YES;
				CLANG_WARN_ENUM_CONVERSION = YES;
				CLANG_WARN_INFINITE_RECURSION = YES;
				CLANG_WARN_INT_CONVERSION = YES;
				CLANG_WARN_NON_LITERAL_NULL_CONVERSION = YES;
				CLANG_WARN_OBJC_IMPLICIT_RETAIN_SELF = YES;
				CLANG_WARN_OBJC_LITERAL_CONVERSION = YES;
				CLANG_WARN_OBJC_ROOT_CLASS = YES_ERROR;
				CLANG_WARN_RANGE_LOOP_ANALYSIS = YES;
				CLANG_WARN_STRICT_PROTOTYPES = YES;
				CLANG_WARN_SUSPICIOUS_MOVE = YES;
				CLANG_WARN_UNGUARDED_AVAILABILITY = YES_AGGRESSIVE;
				CLANG_WARN_UNREACHABLE_CODE = YES;
				CLANG_WARN__DUPLICATE_METHOD_MATCH = YES;
				COPY_PHASE_STRIP = NO;
				DEBUG_INFORMATION_FORMAT = dwarf;
				ENABLE_STRICT_OBJC_MSGSEND = YES;
				ENABLE_TESTABILITY = YES;
				GCC_C_LANGUAGE_STANDARD = gnu11;
				GCC_DYNAMIC_NO_PIC = NO;
				GCC_NO_COMMON_BLOCKS = YES;
				GCC_OPTIMIZATION_LEVEL = 0;
				GCC_PREPROCESSOR_DEFINITIONS = (
					"DEBUG=1",
					"$(inherited)",
				);
				GCC_WARN_64_TO_32_BIT_CONVERSION = YES;
				GCC_WARN_ABOUT_RETURN_TYPE = YES_ERROR;
				GCC_WARN_UNDECLARED_SELECTOR = YES;
				GCC_WARN_UNINITIALIZED_AUTOS = YES_AGGRESSIVE;
				GCC_WARN_UNUSED_FUNCTION = YES;
				GCC_WARN_UNUSED_VARIABLE = YES;
				IPHONEOS_DEPLOYMENT_TARGET = 13.2;
				MTL_ENABLE_DEBUG_INFO = INCLUDE_SOURCE;
				MTL_FAST_MATH = YES;
				ONLY_ACTIVE_ARCH = YES;
				SDKROOT = iphoneos;
				SWIFT_ACTIVE_COMPILATION_CONDITIONS = DEBUG;
				SWIFT_OPTIMIZATION_LEVEL = "-Onone";
			};
			name = Debug;
		};
		AA51442823A6B76D00C37465 /* Release */ = {
			isa = XCBuildConfiguration;
			buildSettings = {
				ALWAYS_SEARCH_USER_PATHS = NO;
				CLANG_ANALYZER_NONNULL = YES;
				CLANG_ANALYZER_NUMBER_OBJECT_CONVERSION = YES_AGGRESSIVE;
				CLANG_CXX_LANGUAGE_STANDARD = "gnu++14";
				CLANG_CXX_LIBRARY = "libc++";
				CLANG_ENABLE_MODULES = YES;
				CLANG_ENABLE_OBJC_ARC = YES;
				CLANG_ENABLE_OBJC_WEAK = YES;
				CLANG_WARN_BLOCK_CAPTURE_AUTORELEASING = YES;
				CLANG_WARN_BOOL_CONVERSION = YES;
				CLANG_WARN_COMMA = YES;
				CLANG_WARN_CONSTANT_CONVERSION = YES;
				CLANG_WARN_DEPRECATED_OBJC_IMPLEMENTATIONS = YES;
				CLANG_WARN_DIRECT_OBJC_ISA_USAGE = YES_ERROR;
				CLANG_WARN_DOCUMENTATION_COMMENTS = YES;
				CLANG_WARN_EMPTY_BODY = YES;
				CLANG_WARN_ENUM_CONVERSION = YES;
				CLANG_WARN_INFINITE_RECURSION = YES;
				CLANG_WARN_INT_CONVERSION = YES;
				CLANG_WARN_NON_LITERAL_NULL_CONVERSION = YES;
				CLANG_WARN_OBJC_IMPLICIT_RETAIN_SELF = YES;
				CLANG_WARN_OBJC_LITERAL_CONVERSION = YES;
				CLANG_WARN_OBJC_ROOT_CLASS = YES_ERROR;
				CLANG_WARN_RANGE_LOOP_ANALYSIS = YES;
				CLANG_WARN_STRICT_PROTOTYPES = YES;
				CLANG_WARN_SUSPICIOUS_MOVE = YES;
				CLANG_WARN_UNGUARDED_AVAILABILITY = YES_AGGRESSIVE;
				CLANG_WARN_UNREACHABLE_CODE = YES;
				CLANG_WARN__DUPLICATE_METHOD_MATCH = YES;
				COPY_PHASE_STRIP = NO;
				DEBUG_INFORMATION_FORMAT = "dwarf-with-dsym";
				ENABLE_NS_ASSERTIONS = NO;
				ENABLE_STRICT_OBJC_MSGSEND = YES;
				GCC_C_LANGUAGE_STANDARD = gnu11;
				GCC_NO_COMMON_BLOCKS = YES;
				GCC_WARN_64_TO_32_BIT_CONVERSION = YES;
				GCC_WARN_ABOUT_RETURN_TYPE = YES_ERROR;
				GCC_WARN_UNDECLARED_SELECTOR = YES;
				GCC_WARN_UNINITIALIZED_AUTOS = YES_AGGRESSIVE;
				GCC_WARN_UNUSED_FUNCTION = YES;
				GCC_WARN_UNUSED_VARIABLE = YES;
				IPHONEOS_DEPLOYMENT_TARGET = 13.2;
				MTL_ENABLE_DEBUG_INFO = NO;
				MTL_FAST_MATH = YES;
				SDKROOT = iphoneos;
				SWIFT_COMPILATION_MODE = wholemodule;
				SWIFT_OPTIMIZATION_LEVEL = "-O";
				VALIDATE_PRODUCT = YES;
			};
			name = Release;
		};
		AA51442A23A6B76D00C37465 /* Debug */ = {
			isa = XCBuildConfiguration;
			baseConfigurationReference = 19702F113D04929F56CFF686 /* Pods-app.debug.xcconfig */;
			buildSettings = {
				ASSETCATALOG_COMPILER_APPICON_NAME = AppIcon;
				CODE_SIGN_STYLE = Automatic;
				DEVELOPMENT_TEAM = 6P99RCA9UD;
				INFOPLIST_FILE = app/Info.plist;
				LD_RUNPATH_SEARCH_PATHS = (
					"$(inherited)",
					"@executable_path/Frameworks",
				);
				PRODUCT_BUNDLE_IDENTIFIER = ca.acsea.app;
				PRODUCT_NAME = "$(TARGET_NAME)";
				SWIFT_VERSION = 5.0;
				TARGETED_DEVICE_FAMILY = "1,2";
			};
			name = Debug;
		};
		AA51442B23A6B76D00C37465 /* Release */ = {
			isa = XCBuildConfiguration;
			baseConfigurationReference = 845A0CA8F628964B784DC35C /* Pods-app.release.xcconfig */;
			buildSettings = {
				ASSETCATALOG_COMPILER_APPICON_NAME = AppIcon;
				CODE_SIGN_STYLE = Automatic;
				DEVELOPMENT_TEAM = 6P99RCA9UD;
				INFOPLIST_FILE = app/Info.plist;
				LD_RUNPATH_SEARCH_PATHS = (
					"$(inherited)",
					"@executable_path/Frameworks",
				);
				PRODUCT_BUNDLE_IDENTIFIER = ca.acsea.app;
				PRODUCT_NAME = "$(TARGET_NAME)";
				SWIFT_VERSION = 5.0;
				TARGETED_DEVICE_FAMILY = "1,2";
			};
			name = Release;
		};
/* End XCBuildConfiguration section */

/* Begin XCConfigurationList section */
		AA51441023A6B76A00C37465 /* Build configuration list for PBXProject "app" */ = {
			isa = XCConfigurationList;
			buildConfigurations = (
				AA51442723A6B76D00C37465 /* Debug */,
				AA51442823A6B76D00C37465 /* Release */,
			);
			defaultConfigurationIsVisible = 0;
			defaultConfigurationName = Release;
		};
		AA51442923A6B76D00C37465 /* Build configuration list for PBXNativeTarget "app" */ = {
			isa = XCConfigurationList;
			buildConfigurations = (
				AA51442A23A6B76D00C37465 /* Debug */,
				AA51442B23A6B76D00C37465 /* Release */,
			);
			defaultConfigurationIsVisible = 0;
			defaultConfigurationName = Release;
		};
/* End XCConfigurationList section */
	};
	rootObject = AA51440D23A6B76A00C37465 /* Project object */;
}
